
Microsoft Visual Studio Solution File, Format Version 12.00
# Visual Studio Version 17
VisualStudioVersion = 17.14.36511.14 d17.14
MinimumVisualStudioVersion = 10.0.40219.1
Project("{888888A0-9F3D-457C-B088-3A5042F75D52}") = "DrumBeatSim", "DrumBeatSim\DrumBeatSim.pyproj", "{0246EA08-569E-4B24-9758-981FD82F9795}"
EndProject
Global
	GlobalSection(SolutionConfigurationPlatforms) = preSolution
		Debug|Any CPU = Debug|Any CPU
		Release|Any CPU = Release|Any CPU
	EndGlobalSection
	GlobalSection(ProjectConfigurationPlatforms) = postSolution
		{0246EA08-569E-4B24-9758-981FD82F9795}.Debug|Any CPU.ActiveCfg = Debug|Any CPU
		{0246EA08-569E-4B24-9758-981FD82F9795}.Release|Any CPU.ActiveCfg = Release|Any CPU
	EndGlobalSection
	GlobalSection(SolutionProperties) = preSolution
		HideSolutionNode = FALSE
	EndGlobalSection
	GlobalSection(ExtensibilityGlobals) = postSolution
		SolutionGuid = {6B5CABDE-9428-4D8F-9DB4-05820488A510}
	EndGlobalSection
EndGlobal
